
Microsoft Visual Studio Solution File, Format Version 12.00
# Visual Studio 15
VisualStudioVersion = 15.0.28307.779
MinimumVisualStudioVersion = 10.0.40219.1
Project("{FAE04EC0-301F-11D3-BF4B-00C04F79EFBC}") = "ConsoleApp1", "ConsoleApp1\ConsoleApp1.csproj", "{8C15E0A6-600B-4C0A-98DC-436494496817}"
EndProject
Project("{FAE04EC0-301F-11D3-BF4B-00C04F79EFBC}") = "Tp1", "ConsoleAppTP1\Tp1.csproj", "{965D827B-D4B8-413C-8CE6-9B8D95174FF8}"
EndProject
Project("{FAE04EC0-301F-11D3-BF4B-00C04F79EFBC}") = "Tp2", "Tp2\Tp2.csproj", "{E2DAD1BC-DF0B-45AB-8028-8AE2657B1E27}"
EndProject
Project("{FAE04EC0-301F-11D3-BF4B-00C04F79EFBC}") = "WpfApp1", "WpfApp1\WpfApp1.csproj", "{EB733B70-A394-4747-8BE7-7FEBAF198DE3}"
EndProject
Project("{FAE04EC0-301F-11D3-BF4B-00C04F79EFBC}") = "Tp3", "Tp3\Tp3.csproj", "{87F6A590-28DA-47D4-86E3-0E3715C41E35}"
EndProject
Project("{FAE04EC0-301F-11D3-BF4B-00C04F79EFBC}") = "WebApplication1", "WebApplication1\WebApplication1.csproj", "{D371A516-56C4-472A-90A0-F73C4859AA0B}"
EndProject
Project("{FAE04EC0-301F-11D3-BF4B-00C04F79EFBC}") = "ClassLibrary1", "ClassLibrary1\ClassLibrary1.csproj", "{0BE7CB3C-7DDD-4159-9880-DFB3209632FD}"
EndProject
Project("{FAE04EC0-301F-11D3-BF4B-00C04F79EFBC}") = "ConsoleAppWebApplication1", "ConsoleAppWebApplication1\ConsoleAppWebApplication1.csproj", "{165924CD-E3D7-4AA2-B550-12266C2607CE}"
EndProject
Global
	GlobalSection(SolutionConfigurationPlatforms) = preSolution
		Debug|Any CPU = Debug|Any CPU
		Release|Any CPU = Release|Any CPU
	EndGlobalSection
	GlobalSection(ProjectConfigurationPlatforms) = postSolution
		{8C15E0A6-600B-4C0A-98DC-436494496817}.Debug|Any CPU.ActiveCfg = Debug|Any CPU
		{8C15E0A6-600B-4C0A-98DC-436494496817}.Debug|Any CPU.Build.0 = Debug|Any CPU
		{8C15E0A6-600B-4C0A-98DC-436494496817}.Release|Any CPU.ActiveCfg = Release|Any CPU
		{8C15E0A6-600B-4C0A-98DC-436494496817}.Release|Any CPU.Build.0 = Release|Any CPU
		{965D827B-D4B8-413C-8CE6-9B8D95174FF8}.Debug|Any CPU.ActiveCfg = Debug|Any CPU
		{965D827B-D4B8-413C-8CE6-9B8D95174FF8}.Debug|Any CPU.Build.0 = Debug|Any CPU
		{965D827B-D4B8-413C-8CE6-9B8D95174FF8}.Release|Any CPU.ActiveCfg = Release|Any CPU
		{965D827B-D4B8-413C-8CE6-9B8D95174FF8}.Release|Any CPU.Build.0 = Release|Any CPU
		{E2DAD1BC-DF0B-45AB-8028-8AE2657B1E27}.Debug|Any CPU.ActiveCfg = Debug|Any CPU
		{E2DAD1BC-DF0B-45AB-8028-8AE2657B1E27}.Debug|Any CPU.Build.0 = Debug|Any CPU
		{E2DAD1BC-DF0B-45AB-8028-8AE2657B1E27}.Release|Any CPU.ActiveCfg = Release|Any CPU
		{E2DAD1BC-DF0B-45AB-8028-8AE2657B1E27}.Release|Any CPU.Build.0 = Release|Any CPU
		{EB733B70-A394-4747-8BE7-7FEBAF198DE3}.Debug|Any CPU.ActiveCfg = Debug|Any CPU
		{EB733B70-A394-4747-8BE7-7FEBAF198DE3}.Debug|Any CPU.Build.0 = Debug|Any CPU
		{EB733B70-A394-4747-8BE7-7FEBAF198DE3}.Release|Any CPU.ActiveCfg = Release|Any CPU
		{EB733B70-A394-4747-8BE7-7FEBAF198DE3}.Release|Any CPU.Build.0 = Release|Any CPU
		{87F6A590-28DA-47D4-86E3-0E3715C41E35}.Debug|Any CPU.ActiveCfg = Debug|Any CPU
		{87F6A590-28DA-47D4-86E3-0E3715C41E35}.Debug|Any CPU.Build.0 = Debug|Any CPU
		{87F6A590-28DA-47D4-86E3-0E3715C41E35}.Release|Any CPU.ActiveCfg = Release|Any CPU
		{87F6A590-28DA-47D4-86E3-0E3715C41E35}.Release|Any CPU.Build.0 = Release|Any CPU
		{D371A516-56C4-472A-90A0-F73C4859AA0B}.Debug|Any CPU.ActiveCfg = Debug|Any CPU
		{D371A516-56C4-472A-90A0-F73C4859AA0B}.Debug|Any CPU.Build.0 = Debug|Any CPU
		{D371A516-56C4-472A-90A0-F73C4859AA0B}.Release|Any CPU.ActiveCfg = Release|Any CPU
		{D371A516-56C4-472A-90A0-F73C4859AA0B}.Release|Any CPU.Build.0 = Release|Any CPU
		{0BE7CB3C-7DDD-4159-9880-DFB3209632FD}.Debug|Any CPU.ActiveCfg = Debug|Any CPU
		{0BE7CB3C-7DDD-4159-9880-DFB3209632FD}.Debug|Any CPU.Build.0 = Debug|Any CPU
		{0BE7CB3C-7DDD-4159-9880-DFB3209632FD}.Release|Any CPU.ActiveCfg = Release|Any CPU
		{0BE7CB3C-7DDD-4159-9880-DFB3209632FD}.Release|Any CPU.Build.0 = Release|Any CPU
		{165924CD-E3D7-4AA2-B550-12266C2607CE}.Debug|Any CPU.ActiveCfg = Debug|Any CPU
		{165924CD-E3D7-4AA2-B550-12266C2607CE}.Debug|Any CPU.Build.0 = Debug|Any CPU
		{165924CD-E3D7-4AA2-B550-12266C2607CE}.Release|Any CPU.ActiveCfg = Release|Any CPU
		{165924CD-E3D7-4AA2-B550-12266C2607CE}.Release|Any CPU.Build.0 = Release|Any CPU
	EndGlobalSection
	GlobalSection(SolutionProperties) = preSolution
		HideSolutionNode = FALSE
	EndGlobalSection
	GlobalSection(ExtensibilityGlobals) = postSolution
		SolutionGuid = {3F0AED77-2E2A-41FB-8588-C9E333802324}
	EndGlobalSection
EndGlobal
